# This file is autogenerated, do not edit; changes may be undone by the next 'dep ensure'.


[[projects]]
  branch = "master"
  name = "github.com/astrogo/fitsio"
  packages = [
    ".",
    "fltimg"
  ]
  revision = "3f299322f21e7364449028f62f8ad141c8323f35"

[[projects]]
  name = "github.com/didip/tollbooth"
  packages = [
    ".",
    "errors",
    "libstring",
    "limiter"
  ]
  revision = "c95eaa3ddc98f635a91e218b48727fb2e06613ea"
  version = "v4.0.0"

[[projects]]
  branch = "master"
  name = "github.com/didip/tollbooth_chi"
  packages = ["."]
  revision = "6ab5f3083f3d925e1944d58cdaebf43bbbff9238"

[[projects]]
  name = "github.com/go-chi/chi"
  packages = [
    ".",
    "middleware"
  ]
  revision = "e83ac2304db3c50cf03d96a2fcd39009d458bc35"
  version = "v3.3.2"

[[projects]]
  name = "github.com/go-chi/cors"
  packages = ["."]
  revision = "dba6525398619dead495962a916728e7ee2ca322"
  version = "v1.0.0"

[[projects]]
  name = "github.com/go-errors/errors"
  packages = ["."]
  revision = "a6af135bd4e28680facf08a3d206b454abc877a4"
  version = "v1.0.1"

[[projects]]
  branch = "master"
  name = "github.com/goastro/fitsutils"
  packages = ["."]
  revision = "7503f5c8bc00963c2d39bcabff6e87a40671f508"

[[projects]]
  branch = "master"
  name = "github.com/goastro/indiclient"
  packages = ["."]
  revision = "7ba55cc8675728e62b918d4ac79204e1fb31d958"

[[projects]]
  branch = "master"
  name = "github.com/goastro/indiserver"
  packages = ["."]
  revision = "a91ff9eacaa601ee56fa68da37b42b480b1737f8"

[[projects]]
  name = "github.com/google/uuid"
  packages = ["."]
  revision = "064e2069ce9c359c118179501254f67d7d37ba24"
  version = "0.2"

[[projects]]
  name = "github.com/patrickmn/go-cache"
  packages = ["."]
  revision = "7ac151875ffb48b9f3ccce9ea20f020b0c1596c8"

[[projects]]
  branch = "master"
  name = "github.com/rickbassham/goapi"
  packages = [
    "middleware",
    "requestparser",
    "router"
  ]
  revision = "a4a437381d8c5294af755266276bcb27c201e4e2"

[[projects]]
  branch = "master"
  name = "github.com/rickbassham/goexec"
  packages = ["."]
  revision = "f3103e87940282011bc6a4149b77ba4a1cf54762"

[[projects]]
  branch = "master"
  name = "github.com/rickbassham/logging"
  packages = ["."]
  revision = "fa7f7e40073713cd33c2140198b9494556889c0e"

[[projects]]
  name = "github.com/spf13/afero"
  packages = [
    ".",
    "mem"
  ]
  revision = "63644898a8da0bc22138abf860edaf5277b6102e"
  version = "v1.1.0"

[[projects]]
  branch = "master"
  name = "golang.org/x/net"
  packages = ["context"]
  revision = "9ef9f5bb98a1fdc41f8cf6c250a4404b4085e389"

[[projects]]
  name = "golang.org/x/text"
  packages = [
    "internal/gen",
    "internal/triegen",
    "internal/ucd",
    "transform",
    "unicode/cldr",
    "unicode/norm"
  ]
  revision = "f21a4dfb5e38f5895301dc265a8def02365cc3d0"
  version = "v0.3.0"

[[projects]]
  name = "golang.org/x/time"
  packages = ["rate"]
  revision = "711ca1cb87636abec28122ef3bc6a77269d433f3"

[solve-meta]
  analyzer-name = "dep"
  analyzer-version = 1
  inputs-digest = "ca9193f84ae1c2841109e1bfbd7dea57b56c89bd1926255ca1968e18dc240ea8"
  solver-name = "gps-cdcl"
  solver-version = 1
